
Microsoft Visual Studio Solution File, Format Version 12.00
# Visual Studio 15
VisualStudioVersion = 15.0.26124.0
MinimumVisualStudioVersion = 15.0.26124.0
Project("{FAE04EC0-301F-11D3-BF4B-00C04F79EFBC}") = "AspectPower", "AspectPower\AspectPower.csproj", "{7A3F5C59-4389-4F7B-A7E9-98BE9E6DF623}"
EndProject
Project("{FAE04EC0-301F-11D3-BF4B-00C04F79EFBC}") = "AspectPower.Tests", "AspectPower.Tests\AspectPower.Tests.csproj", "{25C7FDD8-C42C-4801-BE25-0DF0C66BEF7F}"
EndProject
Global
	GlobalSection(SolutionConfigurationPlatforms) = preSolution
		Debug|Any CPU = Debug|Any CPU
		Debug|x64 = Debug|x64
		Debug|x86 = Debug|x86
		Release|Any CPU = Release|Any CPU
		Release|x64 = Release|x64
		Release|x86 = Release|x86
	EndGlobalSection
	GlobalSection(SolutionProperties) = preSolution
		HideSolutionNode = FALSE
	EndGlobalSection
	GlobalSection(ProjectConfigurationPlatforms) = postSolution
		{7A3F5C59-4389-4F7B-A7E9-98BE9E6DF623}.Debug|Any CPU.ActiveCfg = Debug|Any CPU
		{7A3F5C59-4389-4F7B-A7E9-98BE9E6DF623}.Debug|Any CPU.Build.0 = Debug|Any CPU
		{7A3F5C59-4389-4F7B-A7E9-98BE9E6DF623}.Debug|x64.ActiveCfg = Debug|Any CPU
		{7A3F5C59-4389-4F7B-A7E9-98BE9E6DF623}.Debug|x64.Build.0 = Debug|Any CPU
		{7A3F5C59-4389-4F7B-A7E9-98BE9E6DF623}.Debug|x86.ActiveCfg = Debug|Any CPU
		{7A3F5C59-4389-4F7B-A7E9-98BE9E6DF623}.Debug|x86.Build.0 = Debug|Any CPU
		{7A3F5C59-4389-4F7B-A7E9-98BE9E6DF623}.Release|Any CPU.ActiveCfg = Release|Any CPU
		{7A3F5C59-4389-4F7B-A7E9-98BE9E6DF623}.Release|Any CPU.Build.0 = Release|Any CPU
		{7A3F5C59-4389-4F7B-A7E9-98BE9E6DF623}.Release|x64.ActiveCfg = Release|Any CPU
		{7A3F5C59-4389-4F7B-A7E9-98BE9E6DF623}.Release|x64.Build.0 = Release|Any CPU
		{7A3F5C59-4389-4F7B-A7E9-98BE9E6DF623}.Release|x86.ActiveCfg = Release|Any CPU
		{7A3F5C59-4389-4F7B-A7E9-98BE9E6DF623}.Release|x86.Build.0 = Release|Any CPU
		{25C7FDD8-C42C-4801-BE25-0DF0C66BEF7F}.Debug|Any CPU.ActiveCfg = Debug|Any CPU
		{25C7FDD8-C42C-4801-BE25-0DF0C66BEF7F}.Debug|Any CPU.Build.0 = Debug|Any CPU
		{25C7FDD8-C42C-4801-BE25-0DF0C66BEF7F}.Debug|x64.ActiveCfg = Debug|Any CPU
		{25C7FDD8-C42C-4801-BE25-0DF0C66BEF7F}.Debug|x64.Build.0 = Debug|Any CPU
		{25C7FDD8-C42C-4801-BE25-0DF0C66BEF7F}.Debug|x86.ActiveCfg = Debug|Any CPU
		{25C7FDD8-C42C-4801-BE25-0DF0C66BEF7F}.Debug|x86.Build.0 = Debug|Any CPU
		{25C7FDD8-C42C-4801-BE25-0DF0C66BEF7F}.Release|Any CPU.ActiveCfg = Release|Any CPU
		{25C7FDD8-C42C-4801-BE25-0DF0C66BEF7F}.Release|Any CPU.Build.0 = Release|Any CPU
		{25C7FDD8-C42C-4801-BE25-0DF0C66BEF7F}.Release|x64.ActiveCfg = Release|Any CPU
		{25C7FDD8-C42C-4801-BE25-0DF0C66BEF7F}.Release|x64.Build.0 = Release|Any CPU
		{25C7FDD8-C42C-4801-BE25-0DF0C66BEF7F}.Release|x86.ActiveCfg = Release|Any CPU
		{25C7FDD8-C42C-4801-BE25-0DF0C66BEF7F}.Release|x86.Build.0 = Release|Any CPU
	EndGlobalSection
EndGlobal
